
Microsoft Visual Studio Solution File, Format Version 12.00
# Visual Studio Version 17
VisualStudioVersion = 17.9.34616.47
MinimumVisualStudioVersion = 10.0.40219.1
Project("{FAE04EC0-301F-11D3-BF4B-00C04F79EFBC}") = "Megaventory", "Megaventory.csproj", "{98E148FC-0116-46FC-83B0-6D8958F7B864}"
EndProject
Global
	GlobalSection(SolutionConfigurationPlatforms) = preSolution
		Debug|Any CPU = Debug|Any CPU
		Release|Any CPU = Release|Any CPU
	EndGlobalSection
	GlobalSection(ProjectConfigurationPlatforms) = postSolution
		{98E148FC-0116-46FC-83B0-6D8958F7B864}.Debug|Any CPU.ActiveCfg = Debug|Any CPU
		{98E148FC-0116-46FC-83B0-6D8958F7B864}.Debug|Any CPU.Build.0 = Debug|Any CPU
		{98E148FC-0116-46FC-83B0-6D8958F7B864}.Release|Any CPU.ActiveCfg = Release|Any CPU
		{98E148FC-0116-46FC-83B0-6D8958F7B864}.Release|Any CPU.Build.0 = Release|Any CPU
	EndGlobalSection
	GlobalSection(SolutionProperties) = preSolution
		HideSolutionNode = FALSE
	EndGlobalSection
	GlobalSection(ExtensibilityGlobals) = postSolution
		SolutionGuid = {97773FD7-AE72-4523-98CC-D59929D1B72F}
	EndGlobalSection
EndGlobal
